
Microsoft Visual Studio Solution File, Format Version 12.00
# Visual Studio Version 17
VisualStudioVersion = 17.4.33213.308
MinimumVisualStudioVersion = 10.0.40219.1
Project("{FAE04EC0-301F-11D3-BF4B-00C04F79EFBC}") = "LinqHW1_1", "LinqHW1_1\LinqHW1_1.csproj", "{4DEF2DBB-7FC1-4812-AA14-2E79BA4AE759}"
EndProject
Global
	GlobalSection(SolutionConfigurationPlatforms) = preSolution
		Debug|Any CPU = Debug|Any CPU
		Release|Any CPU = Release|Any CPU
	EndGlobalSection
	GlobalSection(ProjectConfigurationPlatforms) = postSolution
		{4DEF2DBB-7FC1-4812-AA14-2E79BA4AE759}.Debug|Any CPU.ActiveCfg = Debug|Any CPU
		{4DEF2DBB-7FC1-4812-AA14-2E79BA4AE759}.Debug|Any CPU.Build.0 = Debug|Any CPU
		{4DEF2DBB-7FC1-4812-AA14-2E79BA4AE759}.Release|Any CPU.ActiveCfg = Release|Any CPU
		{4DEF2DBB-7FC1-4812-AA14-2E79BA4AE759}.Release|Any CPU.Build.0 = Release|Any CPU
	EndGlobalSection
	GlobalSection(SolutionProperties) = preSolution
		HideSolutionNode = FALSE
	EndGlobalSection
	GlobalSection(ExtensibilityGlobals) = postSolution
		SolutionGuid = {22CD7B6A-3C06-48F2-8A05-BAB62A83DC11}
	EndGlobalSection
EndGlobal
